
Microsoft Visual Studio Solution File, Format Version 12.00
# Visual Studio Version 16
VisualStudioVersion = 16.0.29102.190
MinimumVisualStudioVersion = 10.0.40219.1
Project("{9A19103F-16F7-4668-BE54-9A1E7A4F7556}") = "FastEntregasWeb", "Fast Entregas\FastEntregasWeb.csproj", "{4536AAD9-54B2-413B-B120-5A791884F7D0}"
EndProject
Project("{9A19103F-16F7-4668-BE54-9A1E7A4F7556}") = "Model", "Model\Model.csproj", "{C14BA9B0-6304-4F0A-85F1-00654BFC8FE7}"
EndProject
Project("{9A19103F-16F7-4668-BE54-9A1E7A4F7556}") = "Services", "Services\Services.csproj", "{867C9F9F-E976-4404-B8E4-CCA4B1785D1C}"
EndProject
Project("{9A19103F-16F7-4668-BE54-9A1E7A4F7556}") = "Persistence", "Persistence\Persistence.csproj", "{18143B36-8A9E-47C4-90DE-7334BDDC0A27}"
EndProject
Project("{9A19103F-16F7-4668-BE54-9A1E7A4F7556}") = "Controllers.Test", "Controllers.Test\Controllers.Test.csproj", "{64EDC599-326D-47EB-B031-37FC081EBFEA}"
EndProject
Project("{9A19103F-16F7-4668-BE54-9A1E7A4F7556}") = "Services.Test", "Services.Test\Services.Test.csproj", "{2F74CB96-3DF2-4B67-90ED-AD5DF552BC6F}"
EndProject
Project("{9A19103F-16F7-4668-BE54-9A1E7A4F7556}") = "Services.Test", "Services.Test\Services.Test.csproj", "{A8113353-E501-4A1F-B044-ABDEBC6D9872}"
EndProject
Project("{9A19103F-16F7-4668-BE54-9A1E7A4F7556}") = "Controllers.Test", "Controllers.Test\Controllers.Test.csproj", "{0CCEF4AD-578A-4700-9F08-5DEC0B1C4CB6}"
EndProject
Global
	GlobalSection(SolutionConfigurationPlatforms) = preSolution
		Debug|Any CPU = Debug|Any CPU
		Release|Any CPU = Release|Any CPU
	EndGlobalSection
	GlobalSection(ProjectConfigurationPlatforms) = postSolution
		{4536AAD9-54B2-413B-B120-5A791884F7D0}.Debug|Any CPU.ActiveCfg = Debug|Any CPU
		{4536AAD9-54B2-413B-B120-5A791884F7D0}.Debug|Any CPU.Build.0 = Debug|Any CPU
		{4536AAD9-54B2-413B-B120-5A791884F7D0}.Release|Any CPU.ActiveCfg = Release|Any CPU
		{4536AAD9-54B2-413B-B120-5A791884F7D0}.Release|Any CPU.Build.0 = Release|Any CPU
		{C14BA9B0-6304-4F0A-85F1-00654BFC8FE7}.Debug|Any CPU.ActiveCfg = Debug|Any CPU
		{C14BA9B0-6304-4F0A-85F1-00654BFC8FE7}.Debug|Any CPU.Build.0 = Debug|Any CPU
		{C14BA9B0-6304-4F0A-85F1-00654BFC8FE7}.Release|Any CPU.ActiveCfg = Release|Any CPU
		{C14BA9B0-6304-4F0A-85F1-00654BFC8FE7}.Release|Any CPU.Build.0 = Release|Any CPU
		{867C9F9F-E976-4404-B8E4-CCA4B1785D1C}.Debug|Any CPU.ActiveCfg = Debug|Any CPU
		{867C9F9F-E976-4404-B8E4-CCA4B1785D1C}.Debug|Any CPU.Build.0 = Debug|Any CPU
		{867C9F9F-E976-4404-B8E4-CCA4B1785D1C}.Release|Any CPU.ActiveCfg = Release|Any CPU
		{867C9F9F-E976-4404-B8E4-CCA4B1785D1C}.Release|Any CPU.Build.0 = Release|Any CPU
		{18143B36-8A9E-47C4-90DE-7334BDDC0A27}.Debug|Any CPU.ActiveCfg = Debug|Any CPU
		{18143B36-8A9E-47C4-90DE-7334BDDC0A27}.Debug|Any CPU.Build.0 = Debug|Any CPU
		{18143B36-8A9E-47C4-90DE-7334BDDC0A27}.Release|Any CPU.ActiveCfg = Release|Any CPU
		{18143B36-8A9E-47C4-90DE-7334BDDC0A27}.Release|Any CPU.Build.0 = Release|Any CPU
		{64EDC599-326D-47EB-B031-37FC081EBFEA}.Debug|Any CPU.ActiveCfg = Debug|Any CPU
		{64EDC599-326D-47EB-B031-37FC081EBFEA}.Debug|Any CPU.Build.0 = Debug|Any CPU
		{64EDC599-326D-47EB-B031-37FC081EBFEA}.Release|Any CPU.ActiveCfg = Release|Any CPU
		{64EDC599-326D-47EB-B031-37FC081EBFEA}.Release|Any CPU.Build.0 = Release|Any CPU
		{2F74CB96-3DF2-4B67-90ED-AD5DF552BC6F}.Debug|Any CPU.ActiveCfg = Debug|Any CPU
		{2F74CB96-3DF2-4B67-90ED-AD5DF552BC6F}.Debug|Any CPU.Build.0 = Debug|Any CPU
		{2F74CB96-3DF2-4B67-90ED-AD5DF552BC6F}.Release|Any CPU.ActiveCfg = Release|Any CPU
		{2F74CB96-3DF2-4B67-90ED-AD5DF552BC6F}.Release|Any CPU.Build.0 = Release|Any CPU
		{A8113353-E501-4A1F-B044-ABDEBC6D9872}.Debug|Any CPU.ActiveCfg = Debug|Any CPU
		{A8113353-E501-4A1F-B044-ABDEBC6D9872}.Debug|Any CPU.Build.0 = Debug|Any CPU
		{A8113353-E501-4A1F-B044-ABDEBC6D9872}.Release|Any CPU.ActiveCfg = Release|Any CPU
		{A8113353-E501-4A1F-B044-ABDEBC6D9872}.Release|Any CPU.Build.0 = Release|Any CPU
		{0CCEF4AD-578A-4700-9F08-5DEC0B1C4CB6}.Debug|Any CPU.ActiveCfg = Debug|Any CPU
		{0CCEF4AD-578A-4700-9F08-5DEC0B1C4CB6}.Debug|Any CPU.Build.0 = Debug|Any CPU
		{0CCEF4AD-578A-4700-9F08-5DEC0B1C4CB6}.Release|Any CPU.ActiveCfg = Release|Any CPU
		{0CCEF4AD-578A-4700-9F08-5DEC0B1C4CB6}.Release|Any CPU.Build.0 = Release|Any CPU
	EndGlobalSection
	GlobalSection(SolutionProperties) = preSolution
		HideSolutionNode = FALSE
	EndGlobalSection
	GlobalSection(ExtensibilityGlobals) = postSolution
		SolutionGuid = {781039A0-A76F-46E8-B80A-B1D90B6AF8DE}
	EndGlobalSection
EndGlobal
